
Microsoft Visual Studio Solution File, Format Version 12.00
# Visual Studio Version 16
VisualStudioVersion = 16.0.810.11
MinimumVisualStudioVersion = 10.0.40219.1
Project("{FAE04EC0-301F-11D3-BF4B-00C04F79EFBC}") = "legalx-project", "legalx-project\legalx-project.csproj", "{84C6B424-3F01-4D32-A390-0EFB41EB993A}"
EndProject
Global
	GlobalSection(SolutionConfigurationPlatforms) = preSolution
		Debug|anycpu = Debug|anycpu
		Release|anycpu = Release|anycpu
	EndGlobalSection
	GlobalSection(ProjectConfigurationPlatforms) = postSolution
		{84C6B424-3F01-4D32-A390-0EFB41EB993A}.Debug|anycpu.ActiveCfg = Debug|anycpu
		{84C6B424-3F01-4D32-A390-0EFB41EB993A}.Debug|anycpu.Build.0 = Debug|anycpu
		{84C6B424-3F01-4D32-A390-0EFB41EB993A}.Release|anycpu.ActiveCfg = Release|anycpu
		{84C6B424-3F01-4D32-A390-0EFB41EB993A}.Release|anycpu.Build.0 = Release|anycpu
	EndGlobalSection
	GlobalSection(SolutionProperties) = preSolution
		HideSolutionNode = FALSE
	EndGlobalSection
	GlobalSection(ExtensibilityGlobals) = postSolution
		SolutionGuid = {37DE1D99-96F0-40A7-A3BC-689C6643B249}
	EndGlobalSection
EndGlobal
